
Microsoft Visual Studio Solution File, Format Version 12.00
# Visual Studio Version 17
VisualStudioVersion = 17.3.32825.248
MinimumVisualStudioVersion = 10.0.40219.1
Project("{FAE04EC0-301F-11D3-BF4B-00C04F79EFBC}") = "SMS.API", "SMS.API.csproj", "{71D3308B-987B-4B79-B8C8-41007641A810}"
EndProject
Global
	GlobalSection(SolutionConfigurationPlatforms) = preSolution
		Debug|Any CPU = Debug|Any CPU
		Release|Any CPU = Release|Any CPU
	EndGlobalSection
	GlobalSection(ProjectConfigurationPlatforms) = postSolution
		{71D3308B-987B-4B79-B8C8-41007641A810}.Debug|Any CPU.ActiveCfg = Debug|Any CPU
		{71D3308B-987B-4B79-B8C8-41007641A810}.Debug|Any CPU.Build.0 = Debug|Any CPU
		{71D3308B-987B-4B79-B8C8-41007641A810}.Release|Any CPU.ActiveCfg = Release|Any CPU
		{71D3308B-987B-4B79-B8C8-41007641A810}.Release|Any CPU.Build.0 = Release|Any CPU
	EndGlobalSection
	GlobalSection(SolutionProperties) = preSolution
		HideSolutionNode = FALSE
	EndGlobalSection
	GlobalSection(ExtensibilityGlobals) = postSolution
		SolutionGuid = {5CFBDE8B-8EC5-4113-8297-F2094D42A373}
	EndGlobalSection
EndGlobal
